{
    "name": "agent-thinking-phrases",
    "lockfileVersion": 3,
    "requires": true,
    "packages": {
        "": {
            "name": "agent-thinking-phrases",
            "devDependencies": {
                "husky": "^9.1.7",
                "jsonc-parser": "^3.3.1"
            }
        },
        "node_modules/husky": {
            "version": "9.1.7",
            "resolved": "https://registry.npmjs.org/husky/-/husky-9.1.7.tgz",
            "integrity": "sha512-5gs5ytaNjBrh5Ow3zrvdUUY+0VxIuWVL4i9irt6friV+BqdCfmV11CQTWMiBYWHbXhco+J1kHfTOUkePhCDvMA==",
            "dev": true,
            "license": "MIT",
            "bin": {
                "husky": "bin.js"
            },
            "engines": {
                "node": ">=18"
            },
            "funding": {
                "url": "https://github.com/sponsors/typicode"
            }
        },
        "node_modules/jsonc-parser": {
            "version": "3.3.1",
            "resolved": "https://registry.npmjs.org/jsonc-parser/-/jsonc-parser-3.3.1.tgz",
            "integrity": "sha512-HUgH65KyejrUFPvHFPbqOY0rsFip3Bo5wb4ngvdi1EpCYWUQDC5V+Y7mZws+DLkr4M//zQJoanu1SP+87Dv1oQ==",
            "dev": true,
            "license": "MIT"
        }
    }
}
